
Microsoft Visual Studio Solution File, Format Version 12.00
# Visual Studio Version 17
VisualStudioVersion = 17.14.36109.1
MinimumVisualStudioVersion = 10.0.40219.1
Project("{FAE04EC0-301F-11D3-BF4B-00C04F79EFBC}") = "Unicom TIC Management", "Unicom TIC Management\Unicom TIC Management.csproj", "{AC568351-8691-4854-A36E-CAA93077D600}"
EndProject
Global
	GlobalSection(SolutionConfigurationPlatforms) = preSolution
		Debug|Any CPU = Debug|Any CPU
		Release|Any CPU = Release|Any CPU
	EndGlobalSection
	GlobalSection(ProjectConfigurationPlatforms) = postSolution
		{AC568351-8691-4854-A36E-CAA93077D600}.Debug|Any CPU.ActiveCfg = Release|Any CPU
		{AC568351-8691-4854-A36E-CAA93077D600}.Debug|Any CPU.Build.0 = Release|Any CPU
		{AC568351-8691-4854-A36E-CAA93077D600}.Release|Any CPU.ActiveCfg = Release|Any CPU
		{AC568351-8691-4854-A36E-CAA93077D600}.Release|Any CPU.Build.0 = Release|Any CPU
	EndGlobalSection
	GlobalSection(SolutionProperties) = preSolution
		HideSolutionNode = FALSE
	EndGlobalSection
	GlobalSection(ExtensibilityGlobals) = postSolution
		SolutionGuid = {641059F4-F4E1-4957-AD28-B1506254675C}
	EndGlobalSection
EndGlobal
